
Microsoft Visual Studio Solution File, Format Version 12.00
# Visual Studio Version 17
VisualStudioVersion = 17.11.35303.130
MinimumVisualStudioVersion = 10.0.40219.1
Project("{FAE04EC0-301F-11D3-BF4B-00C04F79EFBC}") = "WpfApp1", "WpfApp1\WpfApp1.csproj", "{4F9524E7-0C3D-4C04-8CBF-09DC7FC1789C}"
EndProject
Global
	GlobalSection(SolutionConfigurationPlatforms) = preSolution
		Debug|Any CPU = Debug|Any CPU
		Release|Any CPU = Release|Any CPU
	EndGlobalSection
	GlobalSection(ProjectConfigurationPlatforms) = postSolution
		{4F9524E7-0C3D-4C04-8CBF-09DC7FC1789C}.Debug|Any CPU.ActiveCfg = Debug|Any CPU
		{4F9524E7-0C3D-4C04-8CBF-09DC7FC1789C}.Debug|Any CPU.Build.0 = Debug|Any CPU
		{4F9524E7-0C3D-4C04-8CBF-09DC7FC1789C}.Release|Any CPU.ActiveCfg = Release|Any CPU
		{4F9524E7-0C3D-4C04-8CBF-09DC7FC1789C}.Release|Any CPU.Build.0 = Release|Any CPU
	EndGlobalSection
	GlobalSection(SolutionProperties) = preSolution
		HideSolutionNode = FALSE
	EndGlobalSection
	GlobalSection(ExtensibilityGlobals) = postSolution
		SolutionGuid = {A7E7E60F-58EC-4869-86E3-9A93BEDBD4C5}
	EndGlobalSection
EndGlobal
